{
  "requires": true,
  "lockfileVersion": 1,
  "dependencies": {
    "sweetalert2": {
      "version": "9.13.4",
      "resolved": "https://registry.npmjs.org/sweetalert2/-/sweetalert2-9.13.4.tgz",
      "integrity": "sha512-oM046kSmwXOZON9Kmc0glRxgriAqk+t1CrT/7uYD9al2IWqwQ+tIZVY1NYZGWZFaoNsnCuDz+LENHc0O3dndwQ=="
    }
  }
}
